
Microsoft Visual Studio Solution File, Format Version 12.00
# Visual Studio 2012
Project("{FAE04EC0-301F-11D3-BF4B-00C04F79EFBC}") = "CartesianCoordinateSystem", "CartesianCoordinateSystem\CartesianCoordinateSystem.csproj", "{F7E177BB-290A-43A5-9CAF-2120481DFA29}"
EndProject
Global
	GlobalSection(SolutionConfigurationPlatforms) = preSolution
		Debug|Any CPU = Debug|Any CPU
		Release|Any CPU = Release|Any CPU
	EndGlobalSection
	GlobalSection(ProjectConfigurationPlatforms) = postSolution
		{F7E177BB-290A-43A5-9CAF-2120481DFA29}.Debug|Any CPU.ActiveCfg = Debug|Any CPU
		{F7E177BB-290A-43A5-9CAF-2120481DFA29}.Debug|Any CPU.Build.0 = Debug|Any CPU
		{F7E177BB-290A-43A5-9CAF-2120481DFA29}.Release|Any CPU.ActiveCfg = Release|Any CPU
		{F7E177BB-290A-43A5-9CAF-2120481DFA29}.Release|Any CPU.Build.0 = Release|Any CPU
	EndGlobalSection
	GlobalSection(SolutionProperties) = preSolution
		HideSolutionNode = FALSE
	EndGlobalSection
EndGlobal
