
Microsoft Visual Studio Solution File, Format Version 12.00
# Visual Studio 2012
Project("{FAE04EC0-301F-11D3-BF4B-00C04F79EFBC}") = "DrunkenNumbers", "DrunkenNumbers\DrunkenNumbers.csproj", "{5B84D494-D4A6-485F-99CD-5C97EEC064C3}"
EndProject
Global
	GlobalSection(SolutionConfigurationPlatforms) = preSolution
		Debug|Any CPU = Debug|Any CPU
		Release|Any CPU = Release|Any CPU
	EndGlobalSection
	GlobalSection(ProjectConfigurationPlatforms) = postSolution
		{5B84D494-D4A6-485F-99CD-5C97EEC064C3}.Debug|Any CPU.ActiveCfg = Debug|Any CPU
		{5B84D494-D4A6-485F-99CD-5C97EEC064C3}.Debug|Any CPU.Build.0 = Debug|Any CPU
		{5B84D494-D4A6-485F-99CD-5C97EEC064C3}.Release|Any CPU.ActiveCfg = Release|Any CPU
		{5B84D494-D4A6-485F-99CD-5C97EEC064C3}.Release|Any CPU.Build.0 = Release|Any CPU
	EndGlobalSection
	GlobalSection(SolutionProperties) = preSolution
		HideSolutionNode = FALSE
	EndGlobalSection
EndGlobal
