
Microsoft Visual Studio Solution File, Format Version 12.00
# Visual Studio 2012
Project("{FAE04EC0-301F-11D3-BF4B-00C04F79EFBC}") = "SchoolSystem", "SchoolSystem\SchoolSystem.csproj", "{21691940-CFA2-4F34-94EA-BE81760E6F1D}"
EndProject
Project("{FAE04EC0-301F-11D3-BF4B-00C04F79EFBC}") = "SchoolSystemTest", "SchoolSystemTest\SchoolSystemTest.csproj", "{3B99F233-B4CB-4991-B52D-32521EF69F87}"
EndProject
Global
	GlobalSection(SolutionConfigurationPlatforms) = preSolution
		Debug|Any CPU = Debug|Any CPU
		Release|Any CPU = Release|Any CPU
	EndGlobalSection
	GlobalSection(ProjectConfigurationPlatforms) = postSolution
		{21691940-CFA2-4F34-94EA-BE81760E6F1D}.Debug|Any CPU.ActiveCfg = Debug|Any CPU
		{21691940-CFA2-4F34-94EA-BE81760E6F1D}.Debug|Any CPU.Build.0 = Debug|Any CPU
		{21691940-CFA2-4F34-94EA-BE81760E6F1D}.Release|Any CPU.ActiveCfg = Release|Any CPU
		{21691940-CFA2-4F34-94EA-BE81760E6F1D}.Release|Any CPU.Build.0 = Release|Any CPU
		{3B99F233-B4CB-4991-B52D-32521EF69F87}.Debug|Any CPU.ActiveCfg = Debug|Any CPU
		{3B99F233-B4CB-4991-B52D-32521EF69F87}.Debug|Any CPU.Build.0 = Debug|Any CPU
		{3B99F233-B4CB-4991-B52D-32521EF69F87}.Release|Any CPU.ActiveCfg = Release|Any CPU
		{3B99F233-B4CB-4991-B52D-32521EF69F87}.Release|Any CPU.Build.0 = Release|Any CPU
	EndGlobalSection
	GlobalSection(SolutionProperties) = preSolution
		HideSolutionNode = FALSE
	EndGlobalSection
EndGlobal
