
Microsoft Visual Studio Solution File, Format Version 12.00
# Visual Studio 2012
Project("{FAE04EC0-301F-11D3-BF4B-00C04F79EFBC}") = "LeastMajorityMultiple", "LeastMajorityMultiple\LeastMajorityMultiple.csproj", "{A018FB6F-ABF8-406C-8DB1-7714CBBC54FF}"
EndProject
Global
	GlobalSection(SolutionConfigurationPlatforms) = preSolution
		Debug|Any CPU = Debug|Any CPU
		Release|Any CPU = Release|Any CPU
	EndGlobalSection
	GlobalSection(ProjectConfigurationPlatforms) = postSolution
		{A018FB6F-ABF8-406C-8DB1-7714CBBC54FF}.Debug|Any CPU.ActiveCfg = Debug|Any CPU
		{A018FB6F-ABF8-406C-8DB1-7714CBBC54FF}.Debug|Any CPU.Build.0 = Debug|Any CPU
		{A018FB6F-ABF8-406C-8DB1-7714CBBC54FF}.Release|Any CPU.ActiveCfg = Release|Any CPU
		{A018FB6F-ABF8-406C-8DB1-7714CBBC54FF}.Release|Any CPU.Build.0 = Release|Any CPU
	EndGlobalSection
	GlobalSection(SolutionProperties) = preSolution
		HideSolutionNode = FALSE
	EndGlobalSection
EndGlobal
